// !$*UTF8*$!
{
	archiveVersion = 1;
	classes = {
	};
	objectVersion = 56;
	objects = {

/* Begin PBXBuildFile section */
		680E48274E3B36F99DFB6F90 /* Pods_ModuleDebug.framework in Frameworks */ = {isa = PBXBuildFile; fileRef = EBF5EBF46B36D9E69FF70AFF /* Pods_ModuleDebug.framework */; };
		EB595F202CA10A170059DE4C /* AppDelegate.swift in Sources */ = {isa = PBXBuildFile; fileRef = EB595F1F2CA10A170059DE4C /* AppDelegate.swift */; };
		EB595F242CA10A170059DE4C /* ViewController.swift in Sources */ = {isa = PBXBuildFile; fileRef = EB595F232CA10A170059DE4C /* ViewController.swift */; };
		EB595F272CA10A170059DE4C /* Base in Resources */ = {isa = PBXBuildFile; fileRef = EB595F262CA10A170059DE4C /* Base */; };
		EB595F292CA10A1A0059DE4C /* Assets.xcassets in Resources */ = {isa = PBXBuildFile; fileRef = EB595F282CA10A1A0059DE4C /* Assets.xcassets */; };
		EB595F2C2CA10A1A0059DE4C /* Base in Resources */ = {isa = PBXBuildFile; fileRef = EB595F2B2CA10A1A0059DE4C /* Base */; };
		EB595F3C2CA1120B0059DE4C /* MyBaseExtension.framework in Frameworks */ = {isa = PBXBuildFile; fileRef = EB595F342CA10A290059DE4C /* MyBaseExtension.framework */; };
		EB595F3D2CA1120B0059DE4C /* MyBaseExtension.framework in Embed Frameworks */ = {isa = PBXBuildFile; fileRef = EB595F342CA10A290059DE4C /* MyBaseExtension.framework */; settings = {ATTRIBUTES = (CodeSignOnCopy, RemoveHeadersOnCopy, ); }; };
/* End PBXBuildFile section */

/* Begin PBXCopyFilesBuildPhase section */
		EB595F3E2CA1120B0059DE4C /* Embed Frameworks */ = {
			isa = PBXCopyFilesBuildPhase;
			buildActionMask = 2147483647;
			dstPath = "";
			dstSubfolderSpec = 10;
			files = (
				EB595F3D2CA1120B0059DE4C /* MyBaseExtension.framework in Embed Frameworks */,
			);
			name = "Embed Frameworks";
			runOnlyForDeploymentPostprocessing = 0;
		};
/* End PBXCopyFilesBuildPhase section */

/* Begin PBXFileReference section */
		05395F2719017D19A4DF76D2 /* Pods-ModuleDebug.release.xcconfig */ = {isa = PBXFileReference; includeInIndex = 1; lastKnownFileType = text.xcconfig; name = "Pods-ModuleDebug.release.xcconfig"; path = "Target Support Files/Pods-ModuleDebug/Pods-ModuleDebug.release.xcconfig"; sourceTree = "<group>"; };
		8537D1B47240E8A770FE7D43 /* Pods-ModuleDebug.debug.xcconfig */ = {isa = PBXFileReference; includeInIndex = 1; lastKnownFileType = text.xcconfig; name = "Pods-ModuleDebug.debug.xcconfig"; path = "Target Support Files/Pods-ModuleDebug/Pods-ModuleDebug.debug.xcconfig"; sourceTree = "<group>"; };
		EB595F1C2CA10A170059DE4C /* ModuleDebug.app */ = {isa = PBXFileReference; explicitFileType = wrapper.application; includeInIndex = 0; path = ModuleDebug.app; sourceTree = BUILT_PRODUCTS_DIR; };
		EB595F1F2CA10A170059DE4C /* AppDelegate.swift */ = {isa = PBXFileReference; lastKnownFileType = sourcecode.swift; path = AppDelegate.swift; sourceTree = "<group>"; };
		EB595F232CA10A170059DE4C /* ViewController.swift */ = {isa = PBXFileReference; lastKnownFileType = sourcecode.swift; path = ViewController.swift; sourceTree = "<group>"; };
		EB595F262CA10A170059DE4C /* Base */ = {isa = PBXFileReference; lastKnownFileType = file.storyboard; name = Base; path = Base.lproj/Main.storyboard; sourceTree = "<group>"; };
		EB595F282CA10A1A0059DE4C /* Assets.xcassets */ = {isa = PBXFileReference; lastKnownFileType = folder.assetcatalog; path = Assets.xcassets; sourceTree = "<group>"; };
		EB595F2B2CA10A1A0059DE4C /* Base */ = {isa = PBXFileReference; lastKnownFileType = file.storyboard; name = Base; path = Base.lproj/LaunchScreen.storyboard; sourceTree = "<group>"; };
		EB595F2D2CA10A1A0059DE4C /* Info.plist */ = {isa = PBXFileReference; lastKnownFileType = text.plist.xml; path = Info.plist; sourceTree = "<group>"; };
		EB595F342CA10A290059DE4C /* MyBaseExtension.framework */ = {isa = PBXFileReference; explicitFileType = wrapper.framework; path = MyBaseExtension.framework; sourceTree = BUILT_PRODUCTS_DIR; };
		EBF5EBF46B36D9E69FF70AFF /* Pods_ModuleDebug.framework */ = {isa = PBXFileReference; explicitFileType = wrapper.framework; includeInIndex = 0; path = Pods_ModuleDebug.framework; sourceTree = BUILT_PRODUCTS_DIR; };
/* End PBXFileReference section */

/* Begin PBXFrameworksBuildPhase section */
		EB595F192CA10A170059DE4C /* Frameworks */ = {
			isa = PBXFrameworksBuildPhase;
			buildActionMask = 2147483647;
			files = (
				680E48274E3B36F99DFB6F90 /* Pods_ModuleDebug.framework in Frameworks */,
				EB595F3C2CA1120B0059DE4C /* MyBaseExtension.framework in Frameworks */,
			);
			runOnlyForDeploymentPostprocessing = 0;
		};
/* End PBXFrameworksBuildPhase section */

/* Begin PBXGroup section */
		99369BE575D7B92699C12E6D /* Pods */ = {
			isa = PBXGroup;
			children = (
				8537D1B47240E8A770FE7D43 /* Pods-ModuleDebug.debug.xcconfig */,
				05395F2719017D19A4DF76D2 /* Pods-ModuleDebug.release.xcconfig */,
			);
			name = Pods;
			path = ../Pods;
			sourceTree = "<group>";
		};
		EB595F132CA10A170059DE4C = {
			isa = PBXGroup;
			children = (
				EB595F1E2CA10A170059DE4C /* ModuleDebug */,
				EB595F1D2CA10A170059DE4C /* Products */,
				EB595F332CA10A290059DE4C /* Frameworks */,
				99369BE575D7B92699C12E6D /* Pods */,
			);
			sourceTree = "<group>";
		};
		EB595F1D2CA10A170059DE4C /* Products */ = {
			isa = PBXGroup;
			children = (
				EB595F1C2CA10A170059DE4C /* ModuleDebug.app */,
			);
			name = Products;
			sourceTree = "<group>";
		};
		EB595F1E2CA10A170059DE4C /* ModuleDebug */ = {
			isa = PBXGroup;
			children = (
				EB595F1F2CA10A170059DE4C /* AppDelegate.swift */,
				EB595F232CA10A170059DE4C /* ViewController.swift */,
				EB595F252CA10A170059DE4C /* Main.storyboard */,
				EB595F282CA10A1A0059DE4C /* Assets.xcassets */,
				EB595F2A2CA10A1A0059DE4C /* LaunchScreen.storyboard */,
				EB595F2D2CA10A1A0059DE4C /* Info.plist */,
			);
			path = ModuleDebug;
			sourceTree = "<group>";
		};
		EB595F332CA10A290059DE4C /* Frameworks */ = {
			isa = PBXGroup;
			children = (
				EB595F342CA10A290059DE4C /* MyBaseExtension.framework */,
				EBF5EBF46B36D9E69FF70AFF /* Pods_ModuleDebug.framework */,
			);
			name = Frameworks;
			sourceTree = "<group>";
		};
/* End PBXGroup section */

/* Begin PBXNativeTarget section */
		EB595F1B2CA10A170059DE4C /* ModuleDebug */ = {
			isa = PBXNativeTarget;
			buildConfigurationList = EB595F302CA10A1A0059DE4C /* Build configuration list for PBXNativeTarget "ModuleDebug" */;
			buildPhases = (
				A95F4788AD824E2421EB84BA /* [CP] Check Pods Manifest.lock */,
				EB595F182CA10A170059DE4C /* Sources */,
				EB595F192CA10A170059DE4C /* Frameworks */,
				EB595F1A2CA10A170059DE4C /* Resources */,
				EB595F3E2CA1120B0059DE4C /* Embed Frameworks */,
			);
			buildRules = (
			);
			dependencies = (
			);
			name = ModuleDebug;
			productName = ModuleDebug;
			productReference = EB595F1C2CA10A170059DE4C /* ModuleDebug.app */;
			productType = "com.apple.product-type.application";
		};
/* End PBXNativeTarget section */

/* Begin PBXProject section */
		EB595F142CA10A170059DE4C /* Project object */ = {
			isa = PBXProject;
			attributes = {
				BuildIndependentTargetsInParallel = 1;
				LastSwiftUpdateCheck = 1540;
				LastUpgradeCheck = 1540;
				TargetAttributes = {
					EB595F1B2CA10A170059DE4C = {
						CreatedOnToolsVersion = 15.4;
					};
				};
			};
			buildConfigurationList = EB595F172CA10A170059DE4C /* Build configuration list for PBXProject "ModuleDebug" */;
			compatibilityVersion = "Xcode 14.0";
			developmentRegion = en;
			hasScannedForEncodings = 0;
			knownRegions = (
				en,
				Base,
			);
			mainGroup = EB595F132CA10A170059DE4C;
			productRefGroup = EB595F1D2CA10A170059DE4C /* Products */;
			projectDirPath = "";
			projectRoot = "";
			targets = (
				EB595F1B2CA10A170059DE4C /* ModuleDebug */,
			);
		};
/* End PBXProject section */

/* Begin PBXResourcesBuildPhase section */
		EB595F1A2CA10A170059DE4C /* Resources */ = {
			isa = PBXResourcesBuildPhase;
			buildActionMask = 2147483647;
			files = (
				EB595F292CA10A1A0059DE4C /* Assets.xcassets in Resources */,
				EB595F2C2CA10A1A0059DE4C /* Base in Resources */,
				EB595F272CA10A170059DE4C /* Base in Resources */,
			);
			runOnlyForDeploymentPostprocessing = 0;
		};
/* End PBXResourcesBuildPhase section */

/* Begin PBXShellScriptBuildPhase section */
		A95F4788AD824E2421EB84BA /* [CP] Check Pods Manifest.lock */ = {
			isa = PBXShellScriptBuildPhase;
			buildActionMask = 2147483647;
			files = (
			);
			inputFileListPaths = (
			);
			inputPaths = (
				"${PODS_PODFILE_DIR_PATH}/Podfile.lock",
				"${PODS_ROOT}/Manifest.lock",
			);
			name = "[CP] Check Pods Manifest.lock";
			outputFileListPaths = (
			);
			outputPaths = (
				"$(DERIVED_FILE_DIR)/Pods-ModuleDebug-checkManifestLockResult.txt",
			);
			runOnlyForDeploymentPostprocessing = 0;
			shellPath = /bin/sh;
			shellScript = "diff \"${PODS_PODFILE_DIR_PATH}/Podfile.lock\" \"${PODS_ROOT}/Manifest.lock\" > /dev/null\nif [ $? != 0 ] ; then\n    # print error to STDERR\n    echo \"error: The sandbox is not in sync with the Podfile.lock. Run 'pod install' or update your CocoaPods installation.\" >&2\n    exit 1\nfi\n# This output is used by Xcode 'outputs' to avoid re-running this script phase.\necho \"SUCCESS\" > \"${SCRIPT_OUTPUT_FILE_0}\"\n";
			showEnvVarsInLog = 0;
		};
/* End PBXShellScriptBuildPhase section */

/* Begin PBXSourcesBuildPhase section */
		EB595F182CA10A170059DE4C /* Sources */ = {
			isa = PBXSourcesBuildPhase;
			buildActionMask = 2147483647;
			files = (
				EB595F242CA10A170059DE4C /* ViewController.swift in Sources */,
				EB595F202CA10A170059DE4C /* AppDelegate.swift in Sources */,
			);
			runOnlyForDeploymentPostprocessing = 0;
		};
/* End PBXSourcesBuildPhase section */

/* Begin PBXVariantGroup section */
		EB595F252CA10A170059DE4C /* Main.storyboard */ = {
			isa = PBXVariantGroup;
			children = (
				EB595F262CA10A170059DE4C /* Base */,
			);
			name = Main.storyboard;
			sourceTree = "<group>";
		};
		EB595F2A2CA10A1A0059DE4C /* LaunchScreen.storyboard */ = {
			isa = PBXVariantGroup;
			children = (
				EB595F2B2CA10A1A0059DE4C /* Base */,
			);
			name = LaunchScreen.storyboard;
			sourceTree = "<group>";
		};
/* End PBXVariantGroup section */

/* Begin XCBuildConfiguration section */
		EB595F2E2CA10A1A0059DE4C /* Debug */ = {
			isa = XCBuildConfiguration;
			buildSettings = {
				ALWAYS_SEARCH_USER_PATHS = NO;
				ASSETCATALOG_COMPILER_GENERATE_SWIFT_ASSET_SYMBOL_EXTENSIONS = YES;
				CLANG_ANALYZER_NONNULL = YES;
				CLANG_ANALYZER_NUMBER_OBJECT_CONVERSION = YES_AGGRESSIVE;
				CLANG_CXX_LANGUAGE_STANDARD = "gnu++20";
				CLANG_ENABLE_MODULES = YES;
				CLANG_ENABLE_OBJC_ARC = YES;
				CLANG_ENABLE_OBJC_WEAK = YES;
				CLANG_WARN_BLOCK_CAPTURE_AUTORELEASING = YES;
				CLANG_WARN_BOOL_CONVERSION = YES;
				CLANG_WARN_COMMA = YES;
				CLANG_WARN_CONSTANT_CONVERSION = YES;
				CLANG_WARN_DEPRECATED_OBJC_IMPLEMENTATIONS = YES;
				CLANG_WARN_DIRECT_OBJC_ISA_USAGE = YES_ERROR;
				CLANG_WARN_DOCUMENTATION_COMMENTS = YES;
				CLANG_WARN_EMPTY_BODY = YES;
				CLANG_WARN_ENUM_CONVERSION = YES;
				CLANG_WARN_INFINITE_RECURSION = YES;
				CLANG_WARN_INT_CONVERSION = YES;
				CLANG_WARN_NON_LITERAL_NULL_CONVERSION = YES;
				CLANG_WARN_OBJC_IMPLICIT_RETAIN_SELF = YES;
				CLANG_WARN_OBJC_LITERAL_CONVERSION = YES;
				CLANG_WARN_OBJC_ROOT_CLASS = YES_ERROR;
				CLANG_WARN_QUOTED_INCLUDE_IN_FRAMEWORK_HEADER = YES;
				CLANG_WARN_RANGE_LOOP_ANALYSIS = YES;
				CLANG_WARN_STRICT_PROTOTYPES = YES;
				CLANG_WARN_SUSPICIOUS_MOVE = YES;
				CLANG_WARN_UNGUARDED_AVAILABILITY = YES_AGGRESSIVE;
				CLANG_WARN_UNREACHABLE_CODE = YES;
				CLANG_WARN__DUPLICATE_METHOD_MATCH = YES;
				COPY_PHASE_STRIP = NO;
				DEBUG_INFORMATION_FORMAT = dwarf;
				ENABLE_STRICT_OBJC_MSGSEND = YES;
				ENABLE_TESTABILITY = YES;
				ENABLE_USER_SCRIPT_SANDBOXING = YES;
				GCC_C_LANGUAGE_STANDARD = gnu17;
				GCC_DYNAMIC_NO_PIC = NO;
				GCC_NO_COMMON_BLOCKS = YES;
				GCC_OPTIMIZATION_LEVEL = 0;
				GCC_PREPROCESSOR_DEFINITIONS = (
					"DEBUG=1",
					"$(inherited)",
				);
				GCC_WARN_64_TO_32_BIT_CONVERSION = YES;
				GCC_WARN_ABOUT_RETURN_TYPE = YES_ERROR;
				GCC_WARN_UNDECLARED_SELECTOR = YES;
				GCC_WARN_UNINITIALIZED_AUTOS = YES_AGGRESSIVE;
				GCC_WARN_UNUSED_FUNCTION = YES;
				GCC_WARN_UNUSED_VARIABLE = YES;
				IPHONEOS_DEPLOYMENT_TARGET = 13.0;
				LOCALIZATION_PREFERS_STRING_CATALOGS = YES;
				MTL_ENABLE_DEBUG_INFO = INCLUDE_SOURCE;
				MTL_FAST_MATH = YES;
				ONLY_ACTIVE_ARCH = YES;
				SDKROOT = iphoneos;
				SWIFT_ACTIVE_COMPILATION_CONDITIONS = "DEBUG $(inherited)";
				SWIFT_OPTIMIZATION_LEVEL = "-Onone";
			};
			name = Debug;
		};
		EB595F2F2CA10A1A0059DE4C /* Release */ = {
			isa = XCBuildConfiguration;
			buildSettings = {
				ALWAYS_SEARCH_USER_PATHS = NO;
				ASSETCATALOG_COMPILER_GENERATE_SWIFT_ASSET_SYMBOL_EXTENSIONS = YES;
				CLANG_ANALYZER_NONNULL = YES;
				CLANG_ANALYZER_NUMBER_OBJECT_CONVERSION = YES_AGGRESSIVE;
				CLANG_CXX_LANGUAGE_STANDARD = "gnu++20";
				CLANG_ENABLE_MODULES = YES;
				CLANG_ENABLE_OBJC_ARC = YES;
				CLANG_ENABLE_OBJC_WEAK = YES;
				CLANG_WARN_BLOCK_CAPTURE_AUTORELEASING = YES;
				CLANG_WARN_BOOL_CONVERSION = YES;
				CLANG_WARN_COMMA = YES;
				CLANG_WARN_CONSTANT_CONVERSION = YES;
				CLANG_WARN_DEPRECATED_OBJC_IMPLEMENTATIONS = YES;
				CLANG_WARN_DIRECT_OBJC_ISA_USAGE = YES_ERROR;
				CLANG_WARN_DOCUMENTATION_COMMENTS = YES;
				CLANG_WARN_EMPTY_BODY = YES;
				CLANG_WARN_ENUM_CONVERSION = YES;
				CLANG_WARN_INFINITE_RECURSION = YES;
				CLANG_WARN_INT_CONVERSION = YES;
				CLANG_WARN_NON_LITERAL_NULL_CONVERSION = YES;
				CLANG_WARN_OBJC_IMPLICIT_RETAIN_SELF = YES;
				CLANG_WARN_OBJC_LITERAL_CONVERSION = YES;
				CLANG_WARN_OBJC_ROOT_CLASS = YES_ERROR;
				CLANG_WARN_QUOTED_INCLUDE_IN_FRAMEWORK_HEADER = YES;
				CLANG_WARN_RANGE_LOOP_ANALYSIS = YES;
				CLANG_WARN_STRICT_PROTOTYPES = YES;
				CLANG_WARN_SUSPICIOUS_MOVE = YES;
				CLANG_WARN_UNGUARDED_AVAILABILITY = YES_AGGRESSIVE;
				CLANG_WARN_UNREACHABLE_CODE = YES;
				CLANG_WARN__DUPLICATE_METHOD_MATCH = YES;
				COPY_PHASE_STRIP = NO;
				DEBUG_INFORMATION_FORMAT = "dwarf-with-dsym";
				ENABLE_NS_ASSERTIONS = NO;
				ENABLE_STRICT_OBJC_MSGSEND = YES;
				ENABLE_USER_SCRIPT_SANDBOXING = YES;
				GCC_C_LANGUAGE_STANDARD = gnu17;
				GCC_NO_COMMON_BLOCKS = YES;
				GCC_WARN_64_TO_32_BIT_CONVERSION = YES;
				GCC_WARN_ABOUT_RETURN_TYPE = YES_ERROR;
				GCC_WARN_UNDECLARED_SELECTOR = YES;
				GCC_WARN_UNINITIALIZED_AUTOS = YES_AGGRESSIVE;
				GCC_WARN_UNUSED_FUNCTION = YES;
				GCC_WARN_UNUSED_VARIABLE = YES;
				IPHONEOS_DEPLOYMENT_TARGET = 13.0;
				LOCALIZATION_PREFERS_STRING_CATALOGS = YES;
				MTL_ENABLE_DEBUG_INFO = NO;
				MTL_FAST_MATH = YES;
				SDKROOT = iphoneos;
				SWIFT_COMPILATION_MODE = wholemodule;
				VALIDATE_PRODUCT = YES;
			};
			name = Release;
		};
		EB595F312CA10A1A0059DE4C /* Debug */ = {
			isa = XCBuildConfiguration;
			baseConfigurationReference = 8537D1B47240E8A770FE7D43 /* Pods-ModuleDebug.debug.xcconfig */;
			buildSettings = {
				ASSETCATALOG_COMPILER_APPICON_NAME = AppIcon;
				ASSETCATALOG_COMPILER_GLOBAL_ACCENT_COLOR_NAME = AccentColor;
				CODE_SIGN_STYLE = Automatic;
				CURRENT_PROJECT_VERSION = 1;
				DEVELOPMENT_TEAM = Z853VKPG4P;
				GENERATE_INFOPLIST_FILE = YES;
				INFOPLIST_FILE = ModuleDebug/Info.plist;
				INFOPLIST_KEY_UIApplicationSupportsIndirectInputEvents = YES;
				INFOPLIST_KEY_UILaunchStoryboardName = LaunchScreen;
				INFOPLIST_KEY_UISupportedInterfaceOrientations_iPad = "UIInterfaceOrientationPortrait UIInterfaceOrientationPortraitUpsideDown UIInterfaceOrientationLandscapeLeft UIInterfaceOrientationLandscapeRight";
				INFOPLIST_KEY_UISupportedInterfaceOrientations_iPhone = "UIInterfaceOrientationPortrait UIInterfaceOrientationLandscapeLeft UIInterfaceOrientationLandscapeRight";
				LD_RUNPATH_SEARCH_PATHS = (
					"$(inherited)",
					"@executable_path/Frameworks",
				);
				MARKETING_VERSION = 1.0;
				PRODUCT_BUNDLE_IDENTIFIER = "com.HowardExplore.ModuleDebug-MyBaseExtension";
				PRODUCT_NAME = "$(TARGET_NAME)";
				SWIFT_EMIT_LOC_STRINGS = YES;
				SWIFT_VERSION = 5.0;
				TARGETED_DEVICE_FAMILY = "1,2";
			};
			name = Debug;
		};
		EB595F322CA10A1A0059DE4C /* Release */ = {
			isa = XCBuildConfiguration;
			baseConfigurationReference = 05395F2719017D19A4DF76D2 /* Pods-ModuleDebug.release.xcconfig */;
			buildSettings = {
				ASSETCATALOG_COMPILER_APPICON_NAME = AppIcon;
				ASSETCATALOG_COMPILER_GLOBAL_ACCENT_COLOR_NAME = AccentColor;
				CODE_SIGN_STYLE = Automatic;
				CURRENT_PROJECT_VERSION = 1;
				DEVELOPMENT_TEAM = Z853VKPG4P;
				GENERATE_INFOPLIST_FILE = YES;
				INFOPLIST_FILE = ModuleDebug/Info.plist;
				INFOPLIST_KEY_UIApplicationSupportsIndirectInputEvents = YES;
				INFOPLIST_KEY_UILaunchStoryboardName = LaunchScreen;
				INFOPLIST_KEY_UISupportedInterfaceOrientations_iPad = "UIInterfaceOrientationPortrait UIInterfaceOrientationPortraitUpsideDown UIInterfaceOrientationLandscapeLeft UIInterfaceOrientationLandscapeRight";
				INFOPLIST_KEY_UISupportedInterfaceOrientations_iPhone = "UIInterfaceOrientationPortrait UIInterfaceOrientationLandscapeLeft UIInterfaceOrientationLandscapeRight";
				LD_RUNPATH_SEARCH_PATHS = (
					"$(inherited)",
					"@executable_path/Frameworks",
				);
				MARKETING_VERSION = 1.0;
				PRODUCT_BUNDLE_IDENTIFIER = "com.HowardExplore.ModuleDebug-MyBaseExtension";
				PRODUCT_NAME = "$(TARGET_NAME)";
				SWIFT_EMIT_LOC_STRINGS = YES;
				SWIFT_VERSION = 5.0;
				TARGETED_DEVICE_FAMILY = "1,2";
			};
			name = Release;
		};
/* End XCBuildConfiguration section */

/* Begin XCConfigurationList section */
		EB595F172CA10A170059DE4C /* Build configuration list for PBXProject "ModuleDebug" */ = {
			isa = XCConfigurationList;
			buildConfigurations = (
				EB595F2E2CA10A1A0059DE4C /* Debug */,
				EB595F2F2CA10A1A0059DE4C /* Release */,
			);
			defaultConfigurationIsVisible = 0;
			defaultConfigurationName = Release;
		};
		EB595F302CA10A1A0059DE4C /* Build configuration list for PBXNativeTarget "ModuleDebug" */ = {
			isa = XCConfigurationList;
			buildConfigurations = (
				EB595F312CA10A1A0059DE4C /* Debug */,
				EB595F322CA10A1A0059DE4C /* Release */,
			);
			defaultConfigurationIsVisible = 0;
			defaultConfigurationName = Release;
		};
/* End XCConfigurationList section */
	};
	rootObject = EB595F142CA10A170059DE4C /* Project object */;
}
